
Microsoft Visual Studio Solution File, Format Version 12.00
# Visual Studio Version 16
VisualStudioVersion = 16.0.29306.81
MinimumVisualStudioVersion = 10.0.40219.1
Project("{9A19103F-16F7-4668-BE54-9A1E7A4F7556}") = "MazeRunner", "MazeRunner\MazeRunner.csproj", "{F8097104-824E-4737-8663-813EAC789F68}"
EndProject
Global
	GlobalSection(SolutionConfigurationPlatforms) = preSolution
		Debug|Any CPU = Debug|Any CPU
		Release|Any CPU = Release|Any CPU
	EndGlobalSection
	GlobalSection(ProjectConfigurationPlatforms) = postSolution
		{F8097104-824E-4737-8663-813EAC789F68}.Debug|Any CPU.ActiveCfg = Debug|Any CPU
		{F8097104-824E-4737-8663-813EAC789F68}.Debug|Any CPU.Build.0 = Debug|Any CPU
		{F8097104-824E-4737-8663-813EAC789F68}.Release|Any CPU.ActiveCfg = Release|Any CPU
		{F8097104-824E-4737-8663-813EAC789F68}.Release|Any CPU.Build.0 = Release|Any CPU
	EndGlobalSection
	GlobalSection(SolutionProperties) = preSolution
		HideSolutionNode = FALSE
	EndGlobalSection
	GlobalSection(ExtensibilityGlobals) = postSolution
		SolutionGuid = {A701B9CE-D6BA-4E6F-AB5E-FBBD4F360A23}
	EndGlobalSection
EndGlobal
